{
  "name": "virtual-school-platform",
  "lockfileVersion": 3,
  "requires": true,
  "packages": {
    "": {
      "dependencies": {
        "@hummingbirdui/hummingbird": "^1.1.1"
      }
    },
    "node_modules/@hummingbirdui/hummingbird": {
      "version": "1.1.1",
      "resolved": "https://registry.npmjs.org/@hummingbirdui/hummingbird/-/hummingbird-1.1.1.tgz",
      "integrity": "sha512-KDu5p4GijpNyQYZ5A4siUuDSHc0Aoac5Fk0JUPGDqbYdhMhN71LacZgFRcSESIb73i7dSdVeaPQaA4mXV2+BZQ==",
      "license": "MIT",
      "peerDependencies": {
        "@popperjs/core": "^2.11.8"
      }
    },
    "node_modules/@popperjs/core": {
      "version": "2.11.8",
      "resolved": "https://registry.npmjs.org/@popperjs/core/-/core-2.11.8.tgz",
      "integrity": "sha512-P1st0aksCrn9sGZhp8GMYwBnQsbvAWsZAX44oXNNvLHGqAOcoVxmjZiohstwQ7SqKnbR47akdNi+uleWD8+g6A==",
      "license": "MIT",
      "peer": true,
      "funding": {
        "type": "opencollective",
        "url": "https://opencollective.com/popperjs"
      }
    }
  }
}
